{
  "lockfileVersion": 1,
  "configVersion": 1,
  "workspaces": {
    "": {
      "dependencies": {
        "hono": "3.12.12",
        "zod": "3.23.0",
      },
    },
  },
  "packages": {
    "hono": ["hono@3.12.12", "", {}, "sha512-5IAMJOXfpA5nT+K0MNjClchzz0IhBHs2Szl7WFAhrFOsbtQsYmNynFyJRg/a3IPsmCfxcrf8txUGiNShXpK5Rg=="],

    "zod": ["zod@3.23.0", "", {}, "sha512-OFLT+LTocvabn6q76BTwVB0hExEBS0IduTr3cqZyMqEDbOnYmcU+y0tUAYbND4uwclpBGi4I4UUBGzylWpjLGA=="],
  }
}
